
Microsoft Visual Studio Solution File, Format Version 12.00
# Visual Studio Version 17
VisualStudioVersion = 17.7.34018.315
MinimumVisualStudioVersion = 10.0.40219.1
Project("{FAE04EC0-301F-11D3-BF4B-00C04F79EFBC}") = "Presentacion", "Presentacion\Presentacion.csproj", "{7839C5D7-7C2C-43F4-97D5-B1EFE65CB994}"
EndProject
Global
	GlobalSection(SolutionConfigurationPlatforms) = preSolution
		Debug|Any CPU = Debug|Any CPU
		Release|Any CPU = Release|Any CPU
	EndGlobalSection
	GlobalSection(ProjectConfigurationPlatforms) = postSolution
		{7839C5D7-7C2C-43F4-97D5-B1EFE65CB994}.Debug|Any CPU.ActiveCfg = Debug|Any CPU
		{7839C5D7-7C2C-43F4-97D5-B1EFE65CB994}.Debug|Any CPU.Build.0 = Debug|Any CPU
		{7839C5D7-7C2C-43F4-97D5-B1EFE65CB994}.Release|Any CPU.ActiveCfg = Release|Any CPU
		{7839C5D7-7C2C-43F4-97D5-B1EFE65CB994}.Release|Any CPU.Build.0 = Release|Any CPU
	EndGlobalSection
	GlobalSection(SolutionProperties) = preSolution
		HideSolutionNode = FALSE
	EndGlobalSection
	GlobalSection(ExtensibilityGlobals) = postSolution
		SolutionGuid = {A91728EA-A058-4B7C-90A7-902DF1852394}
	EndGlobalSection
EndGlobal
